
Microsoft Visual Studio Solution File, Format Version 12.00
# Visual Studio Version 17
VisualStudioVersion = 17.13.35919.96 d17.13
MinimumVisualStudioVersion = 10.0.40219.1
Project("{FAE04EC0-301F-11D3-BF4B-00C04F79EFBC}") = "AppProyectoAppMovil", "AppProyectoAppMovil\AppProyectoAppMovil.csproj", "{7BCDCD1C-0151-4FF8-B4C5-4CD639F66819}"
EndProject
Global
	GlobalSection(SolutionConfigurationPlatforms) = preSolution
		Debug|Any CPU = Debug|Any CPU
		Release|Any CPU = Release|Any CPU
	EndGlobalSection
	GlobalSection(ProjectConfigurationPlatforms) = postSolution
		{7BCDCD1C-0151-4FF8-B4C5-4CD639F66819}.Debug|Any CPU.ActiveCfg = Debug|Any CPU
		{7BCDCD1C-0151-4FF8-B4C5-4CD639F66819}.Debug|Any CPU.Build.0 = Debug|Any CPU
		{7BCDCD1C-0151-4FF8-B4C5-4CD639F66819}.Release|Any CPU.ActiveCfg = Release|Any CPU
		{7BCDCD1C-0151-4FF8-B4C5-4CD639F66819}.Release|Any CPU.Build.0 = Release|Any CPU
	EndGlobalSection
	GlobalSection(SolutionProperties) = preSolution
		HideSolutionNode = FALSE
	EndGlobalSection
	GlobalSection(ExtensibilityGlobals) = postSolution
		SolutionGuid = {0026BB6F-874D-4B5C-8D60-D0E6789BD8BE}
	EndGlobalSection
EndGlobal
